PODS:
  - AFNetworking (2.5.4):
    - AFNetworking/NSURLConnection (= 2.5.4)
    - AFNetworking/NSURLSession (= 2.5.4)
    - AFNetworking/Reachability (= 2.5.4)
    - AFNetworking/Security (= 2.5.4)
    - AFNetworking/Serialization (= 2.5.4)
    - AFNetworking/UIKit (= 2.5.4)
  - AFNetworking/NSURLConnection (2.5.4):
    - AFNetworking/Reachability
    - AFNetworking/Security
    - AFNetworking/Serialization
  - AFNetworking/NSURLSession (2.5.4):
    - AFNetworking/Reachability
    - AFNetworking/Security
    - AFNetworking/Serialization
  - AFNetworking/Reachability (2.5.4)
  - AFNetworking/Security (2.5.4)
  - AFNetworking/Serialization (2.5.4)
  - AFNetworking/UIKit (2.5.4):
    - AFNetworking/NSURLConnection
    - AFNetworking/NSURLSession
  - FMDB (2.6.2):
    - FMDB/standard (= 2.6.2)
  - FMDB/standard (2.6.2)
  - KVNProgress (2.2.4)
  - LBBlurredImage (0.2.2)
  - Masonry (1.0.1)
  - MBProgressHUD (0.9.2)
  - MJRefresh (3.1.0)
  - SDWebImage (3.8.0):
    - SDWebImage/Core (= 3.8.0)
  - SDWebImage/Core (3.8.0)
  - SVProgressHUD (2.0.3)
  - UMengSocialCOM (5.2.1)
  - XRWaterfallLayout (0.1.2)
  - YYModel (0.9.12)

DEPENDENCIES:
  - AFNetworking (~> 2.5.4)
  - FMDB
  - KVNProgress
  - LBBlurredImage
  - Masonry
  - MBProgressHUD
  - MJRefresh
  - SDWebImage
  - SVProgressHUD
  - UMengSocialCOM
  - XRWaterfallLayout
  - YYModel (~> 0.9.10)

SPEC CHECKSUMS:
  AFNetworking: 05edc0ac4c4c8cf57bcf4b84be5b0744b6d8e71e
  FMDB: 854a0341b4726e53276f2a8996f06f1b80f9259a
  KVNProgress: 541edcea5a1fef592aceac8d791a410d38cb499d
  LBBlurredImage: 700634c17922bc2d22343118e7deb6a3ca12db43
  Masonry: a1a931a0d08870ed8ae415a2ea5ea68ebcac77df
  MBProgressHUD: 1569cf7ace17a8bac47aabfbb8580a49690386d1
  MJRefresh: 743e6404967d1c2c688472ea3ecfde247d872db4
  SDWebImage: 7d9fe229266696de91eadf840c77ca15efd4bbd2
  SVProgressHUD: b0830714205bea1317ea1a2ebc71e5633af334d4
  UMengSocialCOM: 074c135ce349aa4c8848d3fb8458757bcb6ffb67
  XRWaterfallLayout: 8d615c21e7be46dc220e0ece45697fdd4bfa0f3b
  YYModel: 33a27f41a995f4c36ff8178421bac9f221a9c7ea

PODFILE CHECKSUM: e4854ec90d207d4a8eede09ede30189adfb8871a

COCOAPODS: 1.0.1
